
Microsoft Visual Studio Solution File, Format Version 12.00
# Visual Studio 2012
Project("{FAE04EC0-301F-11D3-BF4B-00C04F79EFBC}") = "ComponentRestoreAndroid", "ComponentRestoreAndroid\ComponentRestoreAndroid.csproj", "{0F7C3D3A-AFCA-46E8-AB88-4EB29BCF378A}"
EndProject
Project("{FAE04EC0-301F-11D3-BF4B-00C04F79EFBC}") = "ComponentRestoreAndroid.UITests", "ComponentRestoreAndroid.UITests\ComponentRestoreAndroid.UITests.csproj", "{F7F9D9E3-848F-413E-92CB-3229A19281FE}"
EndProject
Global
	GlobalSection(SolutionConfigurationPlatforms) = preSolution
		Debug|Any CPU = Debug|Any CPU
		Release|Any CPU = Release|Any CPU
	EndGlobalSection
	GlobalSection(ProjectConfigurationPlatforms) = postSolution
		{0F7C3D3A-AFCA-46E8-AB88-4EB29BCF378A}.Debug|Any CPU.ActiveCfg = Debug|Any CPU
		{0F7C3D3A-AFCA-46E8-AB88-4EB29BCF378A}.Debug|Any CPU.Build.0 = Debug|Any CPU
		{0F7C3D3A-AFCA-46E8-AB88-4EB29BCF378A}.Release|Any CPU.ActiveCfg = Release|Any CPU
		{0F7C3D3A-AFCA-46E8-AB88-4EB29BCF378A}.Release|Any CPU.Build.0 = Release|Any CPU
		{F7F9D9E3-848F-413E-92CB-3229A19281FE}.Debug|Any CPU.ActiveCfg = Debug|Any CPU
		{F7F9D9E3-848F-413E-92CB-3229A19281FE}.Debug|Any CPU.Build.0 = Debug|Any CPU
		{F7F9D9E3-848F-413E-92CB-3229A19281FE}.Release|Any CPU.ActiveCfg = Release|Any CPU
		{F7F9D9E3-848F-413E-92CB-3229A19281FE}.Release|Any CPU.Build.0 = Release|Any CPU
	EndGlobalSection
EndGlobal
