
Microsoft Visual Studio Solution File, Format Version 12.00
# Visual Studio 2012
Project("{FAE04EC0-301F-11D3-BF4B-00C04F79EFBC}") = "Cake.Xamarin", "Cake.Xamarin\Cake.Xamarin.csproj", "{1CCEDC8E-552A-4EF4-8451-D753C9A79DD7}"
EndProject
Project("{FAE04EC0-301F-11D3-BF4B-00C04F79EFBC}") = "Cake.Xamarin.Tests", "Cake.Xamarin.Tests\Cake.Xamarin.Tests.csproj", "{194C5CB0-AB4A-4324-BE4E-ED3AF7A90E74}"
EndProject
Global
	GlobalSection(SolutionConfigurationPlatforms) = preSolution
		Debug|Any CPU = Debug|Any CPU
		Release|Any CPU = Release|Any CPU
	EndGlobalSection
	GlobalSection(ProjectConfigurationPlatforms) = postSolution
		{194C5CB0-AB4A-4324-BE4E-ED3AF7A90E74}.Debug|Any CPU.ActiveCfg = Debug|Any CPU
		{194C5CB0-AB4A-4324-BE4E-ED3AF7A90E74}.Debug|Any CPU.Build.0 = Debug|Any CPU
		{194C5CB0-AB4A-4324-BE4E-ED3AF7A90E74}.Release|Any CPU.ActiveCfg = Release|Any CPU
		{194C5CB0-AB4A-4324-BE4E-ED3AF7A90E74}.Release|Any CPU.Build.0 = Release|Any CPU
		{1CCEDC8E-552A-4EF4-8451-D753C9A79DD7}.Debug|Any CPU.ActiveCfg = Debug|Any CPU
		{1CCEDC8E-552A-4EF4-8451-D753C9A79DD7}.Debug|Any CPU.Build.0 = Debug|Any CPU
		{1CCEDC8E-552A-4EF4-8451-D753C9A79DD7}.Release|Any CPU.ActiveCfg = Release|Any CPU
		{1CCEDC8E-552A-4EF4-8451-D753C9A79DD7}.Release|Any CPU.Build.0 = Release|Any CPU
	EndGlobalSection
EndGlobal
